# THIS IS AN AUTOGENERATED FILE. DO NOT EDIT THIS FILE DIRECTLY.
# yarn lockfile v1


camelcase@^4.1.0:
  version "4.1.0"
  resolved "https://registry.yarnpkg.com/camelcase/-/camelcase-4.1.0.tgz#d545635be1e33c542649c69173e5de6acfae34dd"
  integrity sha512-FxAv7HpHrXbh3aPo4o2qxHay2lkLY3x5Mw3KeE4KQE8ysVfziWeRZDwcjauvwBSGEC/nXUPzZy8zeh4HokqOnw==

cross-fetch@^3.0.2:
  version "3.1.5"
  resolved "https://registry.yarnpkg.com/cross-fetch/-/cross-fetch-3.1.5.tgz#e1389f44d9e7ba767907f7af8454787952ab534f"
  integrity sha512-lvb1SBsI0Z7GDwmuid+mU3kWVBwTVUbe7S0H52yaaAdQOXq2YktTCZdlAcNKFzE6QtRz0snpw9bNiPeOIkkQvw==
  dependencies:
    node-fetch "2.6.7"

hyntax@^1.1.9:
  version "1.1.9"
  resolved "https://registry.yarnpkg.com/hyntax/-/hyntax-1.1.9.tgz#7fd69747d534dd87e342e1249d60175d93676a39"
  integrity sha512-xjxyDLbVDdLgjPnl4NM+Iu6il3UPmk6PNCBXruQKeuKDc/HtaZx1hk1AtMgw3vsn9YnLZRfoBpPxYMXcoT5KAA==

infobox-parser@3.6.2:
  version "3.6.2"
  resolved "https://registry.yarnpkg.com/infobox-parser/-/infobox-parser-3.6.2.tgz#e2b2701fd6a6274fad49869ee1a0bad56930f1e7"
  integrity sha512-lasdwvbtjCtDDO6mArAs/ueFEnBJRyo2UbZPAkd5rEG5NVJ3XFCOvbMwNTT/rJlFv1+ORw8D3UvZV4brpgATCg==
  dependencies:
    camelcase "^4.1.0"

node-fetch@2.6.7:
  version "2.6.7"
  resolved "https://registry.yarnpkg.com/node-fetch/-/node-fetch-2.6.7.tgz#24de9fba827e3b4ae44dc8b20256a379160052ad"
  integrity sha512-ZjMPFEfVx5j+y2yF35Kzx5sF7kDzxuDj6ziH4FFbOp87zKDZNx8yExJIb05OGF4Nlt9IHFIMBkRl41VdvcNdbQ==
  dependencies:
    whatwg-url "^5.0.0"

tr46@~0.0.3:
  version "0.0.3"
  resolved "https://registry.yarnpkg.com/tr46/-/tr46-0.0.3.tgz#8184fd347dac9cdc185992f3a6622e14b9d9ab6a"
  integrity sha512-N3WMsuqV66lT30CrXNbEjx4GEwlow3v6rr4mCcv6prnfwhS01rkgyFdjPNBYd9br7LpXV1+Emh01fHnq2Gdgrw==

webidl-conversions@^3.0.0:
  version "3.0.1"
  resolved "https://registry.yarnpkg.com/webidl-conversions/-/webidl-conversions-3.0.1.tgz#24534275e2a7bc6be7bc86611cc16ae0a5654871"
  integrity sha512-2JAn3z8AR6rjK8Sm8orRC0h/bcl/DqL7tRPdGZ4I1CjdF+EaMLmYxBHyXuKL849eucPFhvBoxMsflfOb8kxaeQ==

whatwg-url@^5.0.0:
  version "5.0.0"
  resolved "https://registry.yarnpkg.com/whatwg-url/-/whatwg-url-5.0.0.tgz#966454e8765462e37644d3626f6742ce8b70965d"
  integrity sha512-saE57nupxk6v3HY35+jzBwYa0rKSy0XR8JSxZPwgLr7ys0IBzhGviA1/TUGJLmSVqs8pb9AnvICXEuOHLprYTw==
  dependencies:
    tr46 "~0.0.3"
    webidl-conversions "^3.0.0"

wikijs@^6.4.1:
  version "6.4.1"
  resolved "https://registry.yarnpkg.com/wikijs/-/wikijs-6.4.1.tgz#2e2880b9d4ad2603ecca6b2120c502db57ceeabf"
  integrity sha512-fnYyT9ISD9hFgAxFJu7Kzsomz48w7FpvvAfTuArvkMQY1bG9JPXoyURqUzYGcQA8FCq6MuZfjqT/6hP8Mh4hQA==
  dependencies:
    cross-fetch "^3.0.2"
    hyntax "^1.1.9"
    infobox-parser "3.6.2"
